
Microsoft Visual Studio Solution File, Format Version 12.00
# Visual Studio Version 17
VisualStudioVersion = 17.1.32414.318
MinimumVisualStudioVersion = 10.0.40219.1
Project("{9A19103F-16F7-4668-BE54-9A1E7A4F7556}") = "ProductManagement.Api", "ProductManagement.Api\ProductManagement.Api.csproj", "{713F49AF-AB04-4988-A325-660032E57A2B}"
EndProject
Project("{9A19103F-16F7-4668-BE54-9A1E7A4F7556}") = "Repository", "Repository\Repository.csproj", "{6A8D2E28-C0FB-4221-A6BF-B332149D9272}"
EndProject
Project("{9A19103F-16F7-4668-BE54-9A1E7A4F7556}") = "Shared", "Shared\Shared.csproj", "{DF8844B7-02C3-43AC-A292-3840C1F4939F}"
EndProject
Project("{9A19103F-16F7-4668-BE54-9A1E7A4F7556}") = "Servicios", "Servicios\Servicios.csproj", "{2FC54CD8-1F4D-4836-9420-258FD39B8EFB}"
EndProject
Project("{FAE04EC0-301F-11D3-BF4B-00C04F79EFBC}") = "ProductManagement.Web", "ProductManagement.Web\ProductManagement.Web.csproj", "{B2208E67-EC79-43CB-9752-26C3392DDF90}"
EndProject
Project("{FAE04EC0-301F-11D3-BF4B-00C04F79EFBC}") = "ProductManagement.Web.Servicios", "ProductManagement.Web.Servicios\ProductManagement.Web.Servicios.csproj", "{6AF3A712-E8A0-42E0-9BF6-F8AED28C314E}"
EndProject
Global
	GlobalSection(SolutionConfigurationPlatforms) = preSolution
		Debug|Any CPU = Debug|Any CPU
		Release|Any CPU = Release|Any CPU
	EndGlobalSection
	GlobalSection(ProjectConfigurationPlatforms) = postSolution
		{713F49AF-AB04-4988-A325-660032E57A2B}.Debug|Any CPU.ActiveCfg = Debug|Any CPU
		{713F49AF-AB04-4988-A325-660032E57A2B}.Debug|Any CPU.Build.0 = Debug|Any CPU
		{713F49AF-AB04-4988-A325-660032E57A2B}.Release|Any CPU.ActiveCfg = Release|Any CPU
		{713F49AF-AB04-4988-A325-660032E57A2B}.Release|Any CPU.Build.0 = Release|Any CPU
		{6A8D2E28-C0FB-4221-A6BF-B332149D9272}.Debug|Any CPU.ActiveCfg = Debug|Any CPU
		{6A8D2E28-C0FB-4221-A6BF-B332149D9272}.Debug|Any CPU.Build.0 = Debug|Any CPU
		{6A8D2E28-C0FB-4221-A6BF-B332149D9272}.Release|Any CPU.ActiveCfg = Release|Any CPU
		{6A8D2E28-C0FB-4221-A6BF-B332149D9272}.Release|Any CPU.Build.0 = Release|Any CPU
		{DF8844B7-02C3-43AC-A292-3840C1F4939F}.Debug|Any CPU.ActiveCfg = Debug|Any CPU
		{DF8844B7-02C3-43AC-A292-3840C1F4939F}.Debug|Any CPU.Build.0 = Debug|Any CPU
		{DF8844B7-02C3-43AC-A292-3840C1F4939F}.Release|Any CPU.ActiveCfg = Release|Any CPU
		{DF8844B7-02C3-43AC-A292-3840C1F4939F}.Release|Any CPU.Build.0 = Release|Any CPU
		{2FC54CD8-1F4D-4836-9420-258FD39B8EFB}.Debug|Any CPU.ActiveCfg = Debug|Any CPU
		{2FC54CD8-1F4D-4836-9420-258FD39B8EFB}.Debug|Any CPU.Build.0 = Debug|Any CPU
		{2FC54CD8-1F4D-4836-9420-258FD39B8EFB}.Release|Any CPU.ActiveCfg = Release|Any CPU
		{2FC54CD8-1F4D-4836-9420-258FD39B8EFB}.Release|Any CPU.Build.0 = Release|Any CPU
		{B2208E67-EC79-43CB-9752-26C3392DDF90}.Debug|Any CPU.ActiveCfg = Debug|Any CPU
		{B2208E67-EC79-43CB-9752-26C3392DDF90}.Debug|Any CPU.Build.0 = Debug|Any CPU
		{B2208E67-EC79-43CB-9752-26C3392DDF90}.Release|Any CPU.ActiveCfg = Release|Any CPU
		{B2208E67-EC79-43CB-9752-26C3392DDF90}.Release|Any CPU.Build.0 = Release|Any CPU
		{6AF3A712-E8A0-42E0-9BF6-F8AED28C314E}.Debug|Any CPU.ActiveCfg = Debug|Any CPU
		{6AF3A712-E8A0-42E0-9BF6-F8AED28C314E}.Debug|Any CPU.Build.0 = Debug|Any CPU
		{6AF3A712-E8A0-42E0-9BF6-F8AED28C314E}.Release|Any CPU.ActiveCfg = Release|Any CPU
		{6AF3A712-E8A0-42E0-9BF6-F8AED28C314E}.Release|Any CPU.Build.0 = Release|Any CPU
	EndGlobalSection
	GlobalSection(SolutionProperties) = preSolution
		HideSolutionNode = FALSE
	EndGlobalSection
	GlobalSection(ExtensibilityGlobals) = postSolution
		SolutionGuid = {E049F2BD-FB0C-46C2-995F-D2739031DFA6}
	EndGlobalSection
EndGlobal
